
Microsoft Visual Studio Solution File, Format Version 12.00
# Visual Studio Version 16
VisualStudioVersion = 16.0.29926.136
MinimumVisualStudioVersion = 10.0.40219.1
Project("{FAE04EC0-301F-11D3-BF4B-00C04F79EFBC}") = "lab2_mobile", "lab2_mobile\lab2_mobile.csproj", "{6874DEFE-306F-4312-B006-A9FCA46F3CDE}"
EndProject
Global
	GlobalSection(SolutionConfigurationPlatforms) = preSolution
		Debug|Any CPU = Debug|Any CPU
		Release|Any CPU = Release|Any CPU
	EndGlobalSection
	GlobalSection(ProjectConfigurationPlatforms) = postSolution
		{6874DEFE-306F-4312-B006-A9FCA46F3CDE}.Debug|Any CPU.ActiveCfg = Debug|Any CPU
		{6874DEFE-306F-4312-B006-A9FCA46F3CDE}.Debug|Any CPU.Build.0 = Debug|Any CPU
		{6874DEFE-306F-4312-B006-A9FCA46F3CDE}.Release|Any CPU.ActiveCfg = Release|Any CPU
		{6874DEFE-306F-4312-B006-A9FCA46F3CDE}.Release|Any CPU.Build.0 = Release|Any CPU
	EndGlobalSection
	GlobalSection(SolutionProperties) = preSolution
		HideSolutionNode = FALSE
	EndGlobalSection
	GlobalSection(ExtensibilityGlobals) = postSolution
		SolutionGuid = {DD3CD058-5583-4541-A01F-00ED050CAAC7}
	EndGlobalSection
EndGlobal
